// !$*UTF8*$!
{
	archiveVersion = 1;
	classes = {
	};
	objectVersion = 46;
	objects = {

/* Begin PBXBuildFile section */
		1A05643712A5578200C1D423 /* NSObject-Dialog.m in Sources */ = {isa = PBXBuildFile; fileRef = 1A05643512A5578200C1D423 /* NSObject-Dialog.m */; };
		1A13B09812D4C15B00A3BD87 /* DataEncoder.m in Sources */ = {isa = PBXBuildFile; fileRef = 1A13B09712D4C15B00A3BD87 /* DataEncoder.m */; };
		1A13B09912D4C15B00A3BD87 /* DataEncoder.m in Sources */ = {isa = PBXBuildFile; fileRef = 1A13B09712D4C15B00A3BD87 /* DataEncoder.m */; };
		1A1DEC2E12A6990200C7053B /* UITableView-WithCell.m in Sources */ = {isa = PBXBuildFile; fileRef = 1A1DEC2C12A6990100C7053B /* UITableView-WithCell.m */; };
		1A1DEC4912A69D5900C7053B /* Constants.m in Sources */ = {isa = PBXBuildFile; fileRef = 1A1DEC4812A69D5900C7053B /* Constants.m */; };
		1A69181F12AA2AE100686504 /* NSDataUtils.m in Sources */ = {isa = PBXBuildFile; fileRef = 1A69181D12AA2AE100686504 /* NSDataUtils.m */; };
		1A6918F012AA403800686504 /* File.m in Sources */ = {isa = PBXBuildFile; fileRef = 1A6918EF12AA403800686504 /* File.m */; };
		1A7E00D612F067B20016E53B /* zip.png in Resources */ = {isa = PBXBuildFile; fileRef = 1A7E00A112F067B20016E53B /* zip.png */; };
		1A7E00D712F067B20016E53B /* wav.png in Resources */ = {isa = PBXBuildFile; fileRef = 1A7E00A212F067B20016E53B /* wav.png */; };
		1A7E00D812F067B20016E53B /* video.png in Resources */ = {isa = PBXBuildFile; fileRef = 1A7E00A312F067B20016E53B /* video.png */; };
		1A7E00D912F067B20016E53B /* txt.png in Resources */ = {isa = PBXBuildFile; fileRef = 1A7E00A412F067B20016E53B /* txt.png */; };
		1A7E00DA12F067B20016E53B /* tiff.png in Resources */ = {isa = PBXBuildFile; fileRef = 1A7E00A512F067B20016E53B /* tiff.png */; };
		1A7E00DB12F067B20016E53B /* tgz.png in Resources */ = {isa = PBXBuildFile; fileRef = 1A7E00A612F067B20016E53B /* tgz.png */; };
		1A7E00DC12F067B20016E53B /* tbz2.png in Resources */ = {isa = PBXBuildFile; fileRef = 1A7E00A712F067B20016E53B /* tbz2.png */; };
		1A7E00DD12F067B20016E53B /* tar.png in Resources */ = {isa = PBXBuildFile; fileRef = 1A7E00A812F067B20016E53B /* tar.png */; };
		1A7E00DE12F067B20016E53B /* sqlite3.png in Resources */ = {isa = PBXBuildFile; fileRef = 1A7E00A912F067B20016E53B /* sqlite3.png */; };
		1A7E00DF12F067B20016E53B /* spreadsheet.png in Resources */ = {isa = PBXBuildFile; fileRef = 1A7E00AA12F067B20016E53B /* spreadsheet.png */; };
		1A7E00E012F067B20016E53B /* sound.png in Resources */ = {isa = PBXBuildFile; fileRef = 1A7E00AB12F067B20016E53B /* sound.png */; };
		1A7E00E112F067B20016E53B /* rtf.png in Resources */ = {isa = PBXBuildFile; fileRef = 1A7E00AC12F067B20016E53B /* rtf.png */; };
		1A7E00E212F067B20016E53B /* ppt.png in Resources */ = {isa = PBXBuildFile; fileRef = 1A7E00AD12F067B20016E53B /* ppt.png */; };
		1A7E00E312F067B20016E53B /* png.png in Resources */ = {isa = PBXBuildFile; fileRef = 1A7E00AE12F067B20016E53B /* png.png */; };
		1A7E00E412F067B20016E53B /* pdf.png in Resources */ = {isa = PBXBuildFile; fileRef = 1A7E00AF12F067B20016E53B /* pdf.png */; };
		1A7E00E512F067B20016E53B /* pages.png in Resources */ = {isa = PBXBuildFile; fileRef = 1A7E00B012F067B20016E53B /* pages.png */; };
		1A7E00E612F067B20016E53B /* numbers.png in Resources */ = {isa = PBXBuildFile; fileRef = 1A7E00B112F067B20016E53B /* numbers.png */; };
		1A7E00E712F067B20016E53B /* mpeg.png in Resources */ = {isa = PBXBuildFile; fileRef = 1A7E00B212F067B20016E53B /* mpeg.png */; };
		1A7E00E812F067B20016E53B /* mp3.png in Resources */ = {isa = PBXBuildFile; fileRef = 1A7E00B312F067B20016E53B /* mp3.png */; };
		1A7E00E912F067B20016E53B /* mp2.png in Resources */ = {isa = PBXBuildFile; fileRef = 1A7E00B412F067B20016E53B /* mp2.png */; };
		1A7E00EA12F067B20016E53B /* mimetypes.plist in Resources */ = {isa = PBXBuildFile; fileRef = 1A7E00B512F067B20016E53B /* mimetypes.plist */; };
		1A7E00EB12F067B20016E53B /* m4r.png in Resources */ = {isa = PBXBuildFile; fileRef = 1A7E00B612F067B20016E53B /* m4r.png */; };
		1A7E00EC12F067B20016E53B /* m3u.png in Resources */ = {isa = PBXBuildFile; fileRef = 1A7E00B712F067B20016E53B /* m3u.png */; };
		1A7E00ED12F067B20016E53B /* m.png in Resources */ = {isa = PBXBuildFile; fileRef = 1A7E00B812F067B20016E53B /* m.png */; };
		1A7E00EE12F067B20016E53B /* log.png in Resources */ = {isa = PBXBuildFile; fileRef = 1A7E00B912F067B20016E53B /* log.png */; };
		1A7E00EF12F067B20016E53B /* keynote.png in Resources */ = {isa = PBXBuildFile; fileRef = 1A7E00BA12F067B20016E53B /* keynote.png */; };
		1A7E00F012F067B20016E53B /* js.png in Resources */ = {isa = PBXBuildFile; fileRef = 1A7E00BB12F067B20016E53B /* js.png */; };
		1A7E00F112F067B20016E53B /* jpeg.png in Resources */ = {isa = PBXBuildFile; fileRef = 1A7E00BC12F067B20016E53B /* jpeg.png */; };
		1A7E00F212F067B20016E53B /* java.png in Resources */ = {isa = PBXBuildFile; fileRef = 1A7E00BD12F067B20016E53B /* java.png */; };
		1A7E00F312F067B20016E53B /* iSync.png in Resources */ = {isa = PBXBuildFile; fileRef = 1A7E00BE12F067B20016E53B /* iSync.png */; };
		1A7E00F412F067B20016E53B /* ico.png in Resources */ = {isa = PBXBuildFile; fileRef = 1A7E00BF12F067B20016E53B /* ico.png */; };
		1A7E00F512F067B20016E53B /* html.png in Resources */ = {isa = PBXBuildFile; fileRef = 1A7E00C012F067B20016E53B /* html.png */; };
		1A7E00F612F067B20016E53B /* h.png in Resources */ = {isa = PBXBuildFile; fileRef = 1A7E00C112F067B20016E53B /* h.png */; };
		1A7E00F712F067B20016E53B /* gz.png in Resources */ = {isa = PBXBuildFile; fileRef = 1A7E00C212F067B20016E53B /* gz.png */; };
		1A7E00F812F067B20016E53B /* gif.png in Resources */ = {isa = PBXBuildFile; fileRef = 1A7E00C312F067B20016E53B /* gif.png */; };
		1A7E00F912F067B20016E53B /* folder.png in Resources */ = {isa = PBXBuildFile; fileRef = 1A7E00C412F067B20016E53B /* folder.png */; };
		1A7E00FA12F067B20016E53B /* flash.png in Resources */ = {isa = PBXBuildFile; fileRef = 1A7E00C512F067B20016E53B /* flash.png */; };
		1A7E00FB12F067B20016E53B /* empty.png in Resources */ = {isa = PBXBuildFile; fileRef = 1A7E00C612F067B20016E53B /* empty.png */; };
		1A7E00FC12F067B20016E53B /* doc.png in Resources */ = {isa = PBXBuildFile; fileRef = 1A7E00C712F067B20016E53B /* doc.png */; };
		1A7E00FD12F067B20016E53B /* css.png in Resources */ = {isa = PBXBuildFile; fileRef = 1A7E00C812F067B20016E53B /* css.png */; };
		1A7E00FE12F067B20016E53B /* cpp.png in Resources */ = {isa = PBXBuildFile; fileRef = 1A7E00C912F067B20016E53B /* cpp.png */; };
		1A7E00FF12F067B20016E53B /* config.png in Resources */ = {isa = PBXBuildFile; fileRef = 1A7E00CA12F067B20016E53B /* config.png */; };
		1A7E010012F067B20016E53B /* compressed.png in Resources */ = {isa = PBXBuildFile; fileRef = 1A7E00CB12F067B20016E53B /* compressed.png */; };
		1A7E010112F067B20016E53B /* c.png in Resources */ = {isa = PBXBuildFile; fileRef = 1A7E00CC12F067B20016E53B /* c.png */; };
		1A7E010212F067B20016E53B /* bz2.png in Resources */ = {isa = PBXBuildFile; fileRef = 1A7E00CD12F067B20016E53B /* bz2.png */; };
		1A7E010312F067B20016E53B /* Bookmarks-Removable.png in Resources */ = {isa = PBXBuildFile; fileRef = 1A7E00CE12F067B20016E53B /* Bookmarks-Removable.png */; };
		1A7E010412F067B20016E53B /* Bookmarks-HomeFolderIcon.png in Resources */ = {isa = PBXBuildFile; fileRef = 1A7E00CF12F067B20016E53B /* Bookmarks-HomeFolderIcon.png */; };
		1A7E010512F067B20016E53B /* Bookmarks-Drives.png in Resources */ = {isa = PBXBuildFile; fileRef = 1A7E00D012F067B20016E53B /* Bookmarks-Drives.png */; };
		1A7E010612F067B20016E53B /* bmp.png in Resources */ = {isa = PBXBuildFile; fileRef = 1A7E00D112F067B20016E53B /* bmp.png */; };
		1A7E010712F067B20016E53B /* Assistant Migration.png in Resources */ = {isa = PBXBuildFile; fileRef = 1A7E00D212F067B20016E53B /* Assistant Migration.png */; };
		1A7E010812F067B20016E53B /* aiff.png in Resources */ = {isa = PBXBuildFile; fileRef = 1A7E00D312F067B20016E53B /* aiff.png */; };
		1A7E010912F067B20016E53B /* aac.png in Resources */ = {isa = PBXBuildFile; fileRef = 1A7E00D412F067B20016E53B /* aac.png */; };
		1A7E010A12F067B20016E53B /* 3gpp.png in Resources */ = {isa = PBXBuildFile; fileRef = 1A7E00D512F067B20016E53B /* 3gpp.png */; };
		1ACF8C4F12B4A14D00D76EDC /* InspectorViewController.m in Sources */ = {isa = PBXBuildFile; fileRef = 1ACF8C4D12B4A14D00D76EDC /* InspectorViewController.m */; };
		1ACF8C5012B4A14D00D76EDC /* InspectorViewController.xib in Resources */ = {isa = PBXBuildFile; fileRef = 1ACF8C4E12B4A14D00D76EDC /* InspectorViewController.xib */; };
		1AE472C812D9A67500967539 /* RootView.xib in Resources */ = {isa = PBXBuildFile; fileRef = 1AE472C712D9A67500967539 /* RootView.xib */; };
		1AE47E2312D35D5E008930DA /* NSString-UDID.m in Sources */ = {isa = PBXBuildFile; fileRef = 1AE47E2212D35D5E008930DA /* NSString-UDID.m */; };
		1AE47E7812D363B2008930DA /* NSString-UDIDTest.m in Sources */ = {isa = PBXBuildFile; fileRef = 1AE47E7712D363B2008930DA /* NSString-UDIDTest.m */; };
		1AE47F4612D36AA9008930DA /* NSDataUtils.m in Sources */ = {isa = PBXBuildFile; fileRef = 1A69181D12AA2AE100686504 /* NSDataUtils.m */; };
		1AE47F4A12D36AC3008930DA /* NSString-UDID.m in Sources */ = {isa = PBXBuildFile; fileRef = 1AE47E2212D35D5E008930DA /* NSString-UDID.m */; };
		1AEB024D12D429D6009284E5 /* AuthenticatonManager.m in Sources */ = {isa = PBXBuildFile; fileRef = 1AEB024C12D429D6009284E5 /* AuthenticatonManager.m */; };
		1AEB024E12D429D6009284E5 /* AuthenticatonManager.m in Sources */ = {isa = PBXBuildFile; fileRef = 1AEB024C12D429D6009284E5 /* AuthenticatonManager.m */; };
		1D3623260D0F684500981E51 /* FlashSyncAppDelegate.m in Sources */ = {isa = PBXBuildFile; fileRef = 1D3623250D0F684500981E51 /* FlashSyncAppDelegate.m */; };
		1D60589B0D05DD56006BFB54 /* main.m in Sources */ = {isa = PBXBuildFile; fileRef = 29B97316FDCFA39411CA2CEA /* main.m */; };
		1D60589F0D05DD5A006BFB54 /* Foundation.framework in Frameworks */ = {isa = PBXBuildFile; fileRef = 1D30AB110D05D00D00671497 /* Foundation.framework */; };
		1DF5F4E00D08C38300B7A737 /* UIKit.framework in Frameworks */ = {isa = PBXBuildFile; fileRef = 1DF5F4DF0D08C38300B7A737 /* UIKit.framework */; };
		2804200B108E984D000629CD /* RootViewController.m in Sources */ = {isa = PBXBuildFile; fileRef = 28042008108E984D000629CD /* RootViewController.m */; };
		2804200C108E984D000629CD /* DetailViewController.m in Sources */ = {isa = PBXBuildFile; fileRef = 2804200A108E984D000629CD /* DetailViewController.m */; };
		2804203C108E9BAB000629CD /* DetailView.xib in Resources */ = {isa = PBXBuildFile; fileRef = 2804203B108E9BAB000629CD /* DetailView.xib */; };
		2892E4100DC94CBA00A64D0F /* CoreGraphics.framework in Frameworks */ = {isa = PBXBuildFile; fileRef = 2892E40F0DC94CBA00A64D0F /* CoreGraphics.framework */; };
		28AD73600D9D9599002E5188 /* MainWindow.xib in Resources */ = {isa = PBXBuildFile; fileRef = 28AD735F0D9D9599002E5188 /* MainWindow.xib */; };
/* End PBXBuildFile section */

/* Begin PBXFileReference section */
		1A05643512A5578200C1D423 /* NSObject-Dialog.m */ = {isa = PBXFileReference; fileEncoding = 4; lastKnownFileType = sourcecode.c.objc; path = "NSObject-Dialog.m"; sourceTree = "<group>"; };
		1A05643612A5578200C1D423 /* NSObject-Dialog.h */ = {isa = PBXFileReference; fileEncoding = 4; lastKnownFileType = sourcecode.c.h; path = "NSObject-Dialog.h"; sourceTree = "<group>"; };
		1A13B09612D4C15B00A3BD87 /* DataEncoder.h */ = {isa = PBXFileReference; fileEncoding = 4; lastKnownFileType = sourcecode.c.h; path = DataEncoder.h; sourceTree = "<group>"; };
		1A13B09712D4C15B00A3BD87 /* DataEncoder.m */ = {isa = PBXFileReference; fileEncoding = 4; lastKnownFileType = sourcecode.c.objc; path = DataEncoder.m; sourceTree = "<group>"; };
		1A1DEC2C12A6990100C7053B /* UITableView-WithCell.m */ = {isa = PBXFileReference; fileEncoding = 4; lastKnownFileType = sourcecode.c.objc; path = "UITableView-WithCell.m"; sourceTree = "<group>"; };
		1A1DEC2D12A6990200C7053B /* UITableView-WithCell.h */ = {isa = PBXFileReference; fileEncoding = 4; lastKnownFileType = sourcecode.c.h; path = "UITableView-WithCell.h"; sourceTree = "<group>"; };
		1A1DEC4712A69D5900C7053B /* Constants.h */ = {isa = PBXFileReference; fileEncoding = 4; lastKnownFileType = sourcecode.c.h; path = Constants.h; sourceTree = "<group>"; };
		1A1DEC4812A69D5900C7053B /* Constants.m */ = {isa = PBXFileReference; fileEncoding = 4; lastKnownFileType = sourcecode.c.objc; path = Constants.m; sourceTree = "<group>"; };
		1A69181D12AA2AE100686504 /* NSDataUtils.m */ = {isa = PBXFileReference; fileEncoding = 4; lastKnownFileType = sourcecode.c.objc; path = NSDataUtils.m; sourceTree = "<group>"; };
		1A69181E12AA2AE100686504 /* NSDataUtils.h */ = {isa = PBXFileReference; explicitFileType = sourcecode.c.h; fileEncoding = 4; path = NSDataUtils.h; sourceTree = "<group>"; };
		1A6918EE12AA403800686504 /* File.h */ = {isa = PBXFileReference; fileEncoding = 4; lastKnownFileType = sourcecode.c.h; path = File.h; sourceTree = "<group>"; };
		1A6918EF12AA403800686504 /* File.m */ = {isa = PBXFileReference; fileEncoding = 4; lastKnownFileType = sourcecode.c.objc; path = File.m; sourceTree = "<group>"; };
		1A7E00A112F067B20016E53B /* zip.png */ = {isa = PBXFileReference; lastKnownFileType = image.png; path = zip.png; sourceTree = "<group>"; };
		1A7E00A212F067B20016E53B /* wav.png */ = {isa = PBXFileReference; lastKnownFileType = image.png; path = wav.png; sourceTree = "<group>"; };
		1A7E00A312F067B20016E53B /* video.png */ = {isa = PBXFileReference; lastKnownFileType = image.png; path = video.png; sourceTree = "<group>"; };
		1A7E00A412F067B20016E53B /* txt.png */ = {isa = PBXFileReference; lastKnownFileType = image.png; path = txt.png; sourceTree = "<group>"; };
		1A7E00A512F067B20016E53B /* tiff.png */ = {isa = PBXFileReference; lastKnownFileType = image.png; path = tiff.png; sourceTree = "<group>"; };
		1A7E00A612F067B20016E53B /* tgz.png */ = {isa = PBXFileReference; lastKnownFileType = image.png; path = tgz.png; sourceTree = "<group>"; };
		1A7E00A712F067B20016E53B /* tbz2.png */ = {isa = PBXFileReference; lastKnownFileType = image.png; path = tbz2.png; sourceTree = "<group>"; };
		1A7E00A812F067B20016E53B /* tar.png */ = {isa = PBXFileReference; lastKnownFileType = image.png; path = tar.png; sourceTree = "<group>"; };
		1A7E00A912F067B20016E53B /* sqlite3.png */ = {isa = PBXFileReference; lastKnownFileType = image.png; path = sqlite3.png; sourceTree = "<group>"; };
		1A7E00AA12F067B20016E53B /* spreadsheet.png */ = {isa = PBXFileReference; lastKnownFileType = image.png; path = spreadsheet.png; sourceTree = "<group>"; };
		1A7E00AB12F067B20016E53B /* sound.png */ = {isa = PBXFileReference; lastKnownFileType = image.png; path = sound.png; sourceTree = "<group>"; };
		1A7E00AC12F067B20016E53B /* rtf.png */ = {isa = PBXFileReference; lastKnownFileType = image.png; path = rtf.png; sourceTree = "<group>"; };
		1A7E00AD12F067B20016E53B /* ppt.png */ = {isa = PBXFileReference; lastKnownFileType = image.png; path = ppt.png; sourceTree = "<group>"; };
		1A7E00AE12F067B20016E53B /* png.png */ = {isa = PBXFileReference; lastKnownFileType = image.png; path = png.png; sourceTree = "<group>"; };
		1A7E00AF12F067B20016E53B /* pdf.png */ = {isa = PBXFileReference; lastKnownFileType = image.png; path = pdf.png; sourceTree = "<group>"; };
		1A7E00B012F067B20016E53B /* pages.png */ = {isa = PBXFileReference; lastKnownFileType = image.png; path = pages.png; sourceTree = "<group>"; };
		1A7E00B112F067B20016E53B /* numbers.png */ = {isa = PBXFileReference; lastKnownFileType = image.png; path = numbers.png; sourceTree = "<group>"; };
		1A7E00B212F067B20016E53B /* mpeg.png */ = {isa = PBXFileReference; lastKnownFileType = image.png; path = mpeg.png; sourceTree = "<group>"; };
		1A7E00B312F067B20016E53B /* mp3.png */ = {isa = PBXFileReference; lastKnownFileType = image.png; path = mp3.png; sourceTree = "<group>"; };
		1A7E00B412F067B20016E53B /* mp2.png */ = {isa = PBXFileReference; lastKnownFileType = image.png; path = mp2.png; sourceTree = "<group>"; };
		1A7E00B512F067B20016E53B /* mimetypes.plist */ = {isa = PBXFileReference; fileEncoding = 4; lastKnownFileType = text.plist.xml; path = mimetypes.plist; sourceTree = "<group>"; };
		1A7E00B612F067B20016E53B /* m4r.png */ = {isa = PBXFileReference; lastKnownFileType = image.png; path = m4r.png; sourceTree = "<group>"; };
		1A7E00B712F067B20016E53B /* m3u.png */ = {isa = PBXFileReference; lastKnownFileType = image.png; path = m3u.png; sourceTree = "<group>"; };
		1A7E00B812F067B20016E53B /* m.png */ = {isa = PBXFileReference; lastKnownFileType = image.png; path = m.png; sourceTree = "<group>"; };
		1A7E00B912F067B20016E53B /* log.png */ = {isa = PBXFileReference; lastKnownFileType = image.png; path = log.png; sourceTree = "<group>"; };
		1A7E00BA12F067B20016E53B /* keynote.png */ = {isa = PBXFileReference; lastKnownFileType = image.png; path = keynote.png; sourceTree = "<group>"; };
		1A7E00BB12F067B20016E53B /* js.png */ = {isa = PBXFileReference; lastKnownFileType = image.png; path = js.png; sourceTree = "<group>"; };
		1A7E00BC12F067B20016E53B /* jpeg.png */ = {isa = PBXFileReference; lastKnownFileType = image.png; path = jpeg.png; sourceTree = "<group>"; };
		1A7E00BD12F067B20016E53B /* java.png */ = {isa = PBXFileReference; lastKnownFileType = image.png; path = java.png; sourceTree = "<group>"; };
		1A7E00BE12F067B20016E53B /* iSync.png */ = {isa = PBXFileReference; lastKnownFileType = image.png; path = iSync.png; sourceTree = "<group>"; };
		1A7E00BF12F067B20016E53B /* ico.png */ = {isa = PBXFileReference; lastKnownFileType = image.png; path = ico.png; sourceTree = "<group>"; };
		1A7E00C012F067B20016E53B /* html.png */ = {isa = PBXFileReference; lastKnownFileType = image.png; path = html.png; sourceTree = "<group>"; };
		1A7E00C112F067B20016E53B /* h.png */ = {isa = PBXFileReference; lastKnownFileType = image.png; path = h.png; sourceTree = "<group>"; };
		1A7E00C212F067B20016E53B /* gz.png */ = {isa = PBXFileReference; lastKnownFileType = image.png; path = gz.png; sourceTree = "<group>"; };
		1A7E00C312F067B20016E53B /* gif.png */ = {isa = PBXFileReference; lastKnownFileType = image.png; path = gif.png; sourceTree = "<group>"; };
		1A7E00C412F067B20016E53B /* folder.png */ = {isa = PBXFileReference; lastKnownFileType = image.png; path = folder.png; sourceTree = "<group>"; };
		1A7E00C512F067B20016E53B /* flash.png */ = {isa = PBXFileReference; lastKnownFileType = image.png; path = flash.png; sourceTree = "<group>"; };
		1A7E00C612F067B20016E53B /* empty.png */ = {isa = PBXFileReference; lastKnownFileType = image.png; path = empty.png; sourceTree = "<group>"; };
		1A7E00C712F067B20016E53B /* doc.png */ = {isa = PBXFileReference; lastKnownFileType = image.png; path = doc.png; sourceTree = "<group>"; };
		1A7E00C812F067B20016E53B /* css.png */ = {isa = PBXFileReference; lastKnownFileType = image.png; path = css.png; sourceTree = "<group>"; };
		1A7E00C912F067B20016E53B /* cpp.png */ = {isa = PBXFileReference; lastKnownFileType = image.png; path = cpp.png; sourceTree = "<group>"; };
		1A7E00CA12F067B20016E53B /* config.png */ = {isa = PBXFileReference; lastKnownFileType = image.png; path = config.png; sourceTree = "<group>"; };
		1A7E00CB12F067B20016E53B /* compressed.png */ = {isa = PBXFileReference; lastKnownFileType = image.png; path = compressed.png; sourceTree = "<group>"; };
		1A7E00CC12F067B20016E53B /* c.png */ = {isa = PBXFileReference; lastKnownFileType = image.png; path = c.png; sourceTree = "<group>"; };
		1A7E00CD12F067B20016E53B /* bz2.png */ = {isa = PBXFileReference; lastKnownFileType = image.png; path = bz2.png; sourceTree = "<group>"; };
		1A7E00CE12F067B20016E53B /* Bookmarks-Removable.png */ = {isa = PBXFileReference; lastKnownFileType = image.png; path = "Bookmarks-Removable.png"; sourceTree = "<group>"; };
		1A7E00CF12F067B20016E53B /* Bookmarks-HomeFolderIcon.png */ = {isa = PBXFileReference; lastKnownFileType = image.png; path = "Bookmarks-HomeFolderIcon.png"; sourceTree = "<group>"; };
		1A7E00D012F067B20016E53B /* Bookmarks-Drives.png */ = {isa = PBXFileReference; lastKnownFileType = image.png; path = "Bookmarks-Drives.png"; sourceTree = "<group>"; };
		1A7E00D112F067B20016E53B /* bmp.png */ = {isa = PBXFileReference; lastKnownFileType = image.png; path = bmp.png; sourceTree = "<group>"; };
		1A7E00D212F067B20016E53B /* Assistant Migration.png */ = {isa = PBXFileReference; lastKnownFileType = image.png; path = "Assistant Migration.png"; sourceTree = "<group>"; };
		1A7E00D312F067B20016E53B /* aiff.png */ = {isa = PBXFileReference; lastKnownFileType = image.png; path = aiff.png; sourceTree = "<group>"; };
		1A7E00D412F067B20016E53B /* aac.png */ = {isa = PBXFileReference; lastKnownFileType = image.png; path = aac.png; sourceTree = "<group>"; };
		1A7E00D512F067B20016E53B /* 3gpp.png */ = {isa = PBXFileReference; lastKnownFileType = image.png; path = 3gpp.png; sourceTree = "<group>"; };
		1ACF8C4C12B4A14D00D76EDC /* InspectorViewController.h */ = {isa = PBXFileReference; fileEncoding = 4; lastKnownFileType = sourcecode.c.h; path = InspectorViewController.h; sourceTree = "<group>"; };
		1ACF8C4D12B4A14D00D76EDC /* InspectorViewController.m */ = {isa = PBXFileReference; fileEncoding = 4; lastKnownFileType = sourcecode.c.objc; path = InspectorViewController.m; sourceTree = "<group>"; };
		1ACF8C4E12B4A14D00D76EDC /* InspectorViewController.xib */ = {isa = PBXFileReference; lastKnownFileType = file.xib; path = InspectorViewController.xib; sourceTree = "<group>"; };
		1ACF8F9912B4F41100D76EDC /* flashsync.xcclassmodel */ = {isa = PBXFileReference; lastKnownFileType = wrapper.xcclassmodel; path = flashsync.xcclassmodel; sourceTree = "<group>"; };
		1AE472C712D9A67500967539 /* RootView.xib */ = {isa = PBXFileReference; lastKnownFileType = file.xib; path = RootView.xib; sourceTree = "<group>"; };
		1AE47E2112D35D5E008930DA /* NSString-UDID.h */ = {isa = PBXFileReference; fileEncoding = 4; lastKnownFileType = sourcecode.c.h; path = "NSString-UDID.h"; sourceTree = "<group>"; };
		1AE47E2212D35D5E008930DA /* NSString-UDID.m */ = {isa = PBXFileReference; fileEncoding = 4; lastKnownFileType = sourcecode.c.objc; path = "NSString-UDID.m"; sourceTree = "<group>"; };
		1AE47E6B12D362C2008930DA /* UnitTests.octest */ = {isa = PBXFileReference; explicitFileType = wrapper.cfbundle; includeInIndex = 0; path = UnitTests.octest; sourceTree = BUILT_PRODUCTS_DIR; };
		1AE47E6C12D362C2008930DA /* UnitTests-Info.plist */ = {isa = PBXFileReference; lastKnownFileType = text.plist.xml; path = "UnitTests-Info.plist"; sourceTree = "<group>"; };
		1AE47E7712D363B2008930DA /* NSString-UDIDTest.m */ = {isa = PBXFileReference; fileEncoding = 4; lastKnownFileType = sourcecode.c.objc; path = "NSString-UDIDTest.m"; sourceTree = "<group>"; };
		1AEB024B12D429D6009284E5 /* AuthenticatonManager.h */ = {isa = PBXFileReference; fileEncoding = 4; lastKnownFileType = sourcecode.c.h; path = AuthenticatonManager.h; sourceTree = "<group>"; };
		1AEB024C12D429D6009284E5 /* AuthenticatonManager.m */ = {isa = PBXFileReference; fileEncoding = 4; lastKnownFileType = sourcecode.c.objc; path = AuthenticatonManager.m; sourceTree = "<group>"; };
		1D30AB110D05D00D00671497 /* Foundation.framework */ = {isa = PBXFileReference; lastKnownFileType = wrapper.framework; name = Foundation.framework; path = System/Library/Frameworks/Foundation.framework; sourceTree = SDKROOT; };
		1D3623240D0F684500981E51 /* FlashSyncAppDelegate.h */ = {isa = PBXFileReference; fileEncoding = 4; lastKnownFileType = sourcecode.c.h; path = FlashSyncAppDelegate.h; sourceTree = "<group>"; };
		1D3623250D0F684500981E51 /* FlashSyncAppDelegate.m */ = {isa = PBXFileReference; fileEncoding = 4; lastKnownFileType = sourcecode.c.objc; path = FlashSyncAppDelegate.m; sourceTree = "<group>"; };
		1D6058910D05DD3D006BFB54 /* FlashSync.app */ = {isa = PBXFileReference; explicitFileType = wrapper.application; includeInIndex = 0; path = FlashSync.app; sourceTree = BUILT_PRODUCTS_DIR; };
		1DF5F4DF0D08C38300B7A737 /* UIKit.framework */ = {isa = PBXFileReference; lastKnownFileType = wrapper.framework; name = UIKit.framework; path = System/Library/Frameworks/UIKit.framework; sourceTree = SDKROOT; };
		28042007108E984D000629CD /* RootViewController.h */ = {isa = PBXFileReference; fileEncoding = 4; lastKnownFileType = sourcecode.c.h; path = RootViewController.h; sourceTree = "<group>"; };
		28042008108E984D000629CD /* RootViewController.m */ = {isa = PBXFileReference; fileEncoding = 4; lastKnownFileType = sourcecode.c.objc; path = RootViewController.m; sourceTree = "<group>"; };
		28042009108E984D000629CD /* DetailViewController.h */ = {isa = PBXFileReference; fileEncoding = 4; lastKnownFileType = sourcecode.c.h; path = DetailViewController.h; sourceTree = "<group>"; };
		2804200A108E984D000629CD /* DetailViewController.m */ = {isa = PBXFileReference; fileEncoding = 4; lastKnownFileType = sourcecode.c.objc; path = DetailViewController.m; sourceTree = "<group>"; };
		2804203B108E9BAB000629CD /* DetailView.xib */ = {isa = PBXFileReference; lastKnownFileType = file.xib; path = DetailView.xib; sourceTree = "<group>"; };
		2892E40F0DC94CBA00A64D0F /* CoreGraphics.framework */ = {isa = PBXFileReference; lastKnownFileType = wrapper.framework; name = CoreGraphics.framework; path = System/Library/Frameworks/CoreGraphics.framework; sourceTree = SDKROOT; };
		28A0AAE50D9B0CCF005BE974 /* FlashSync_Prefix.pch */ = {isa = PBXFileReference; fileEncoding = 4; lastKnownFileType = sourcecode.c.h; path = FlashSync_Prefix.pch; sourceTree = "<group>"; };
		28AD735F0D9D9599002E5188 /* MainWindow.xib */ = {isa = PBXFileReference; lastKnownFileType = file.xib; path = MainWindow.xib; sourceTree = "<group>"; };
		29B97316FDCFA39411CA2CEA /* main.m */ = {isa = PBXFileReference; fileEncoding = 4; lastKnownFileType = sourcecode.c.objc; path = main.m; sourceTree = "<group>"; };
		8D1107310486CEB800E47090 /* FlashSync-Info.plist */ = {isa = PBXFileReference; fileEncoding = 4; lastKnownFileType = text.plist.xml; path = "FlashSync-Info.plist"; plistStructureDefinitionIdentifier = "com.apple.xcode.plist.structure-definition.iphone.info-plist"; sourceTree = "<group>"; };
/* End PBXFileReference section */

/* Begin PBXFrameworksBuildPhase section */
		1AE47E6812D362C2008930DA /* Frameworks */ = {
			isa = PBXFrameworksBuildPhase;
			buildActionMask = 2147483647;
			files = (
			);
			runOnlyForDeploymentPostprocessing = 0;
		};
		1D60588F0D05DD3D006BFB54 /* Frameworks */ = {
			isa = PBXFrameworksBuildPhase;
			buildActionMask = 2147483647;
			files = (
				1D60589F0D05DD5A006BFB54 /* Foundation.framework in Frameworks */,
				1DF5F4E00D08C38300B7A737 /* UIKit.framework in Frameworks */,
				2892E4100DC94CBA00A64D0F /* CoreGraphics.framework in Frameworks */,
			);
			runOnlyForDeploymentPostprocessing = 0;
		};
/* End PBXFrameworksBuildPhase section */

/* Begin PBXGroup section */
		080E96DDFE201D6D7F000001 /* Classes */ = {
			isa = PBXGroup;
			children = (
				1AEB024A12D42993009284E5 /* security */,
				1ACF8F4312B4DCFB00D76EDC /* diagram */,
				1A1DEC3C12A69B2100C7053B /* models */,
				1A1DEBBB12A68F1600C7053B /* helper */,
				1D3623240D0F684500981E51 /* FlashSyncAppDelegate.h */,
				1D3623250D0F684500981E51 /* FlashSyncAppDelegate.m */,
				1A1DEB8912A68E1C00C7053B /* controllers */,
			);
			path = Classes;
			sourceTree = "<group>";
		};
		19C28FACFE9D520D11CA2CBB /* Products */ = {
			isa = PBXGroup;
			children = (
				1D6058910D05DD3D006BFB54 /* FlashSync.app */,
				1AE47E6B12D362C2008930DA /* UnitTests.octest */,
			);
			name = Products;
			sourceTree = "<group>";
		};
		1A1DEB8912A68E1C00C7053B /* controllers */ = {
			isa = PBXGroup;
			children = (
				28042007108E984D000629CD /* RootViewController.h */,
				28042008108E984D000629CD /* RootViewController.m */,
				28042009108E984D000629CD /* DetailViewController.h */,
				2804200A108E984D000629CD /* DetailViewController.m */,
				1ACF8C4C12B4A14D00D76EDC /* InspectorViewController.h */,
				1ACF8C4D12B4A14D00D76EDC /* InspectorViewController.m */,
				1ACF8C4E12B4A14D00D76EDC /* InspectorViewController.xib */,
			);
			path = controllers;
			sourceTree = "<group>";
		};
		1A1DEBBB12A68F1600C7053B /* helper */ = {
			isa = PBXGroup;
			children = (
				1A69181D12AA2AE100686504 /* NSDataUtils.m */,
				1A69181E12AA2AE100686504 /* NSDataUtils.h */,
				1A1DEC2C12A6990100C7053B /* UITableView-WithCell.m */,
				1A1DEC2D12A6990200C7053B /* UITableView-WithCell.h */,
				1A05643512A5578200C1D423 /* NSObject-Dialog.m */,
				1A05643612A5578200C1D423 /* NSObject-Dialog.h */,
				1AE47E2112D35D5E008930DA /* NSString-UDID.h */,
				1AE47E2212D35D5E008930DA /* NSString-UDID.m */,
				1A13B09612D4C15B00A3BD87 /* DataEncoder.h */,
				1A13B09712D4C15B00A3BD87 /* DataEncoder.m */,
			);
			path = helper;
			sourceTree = "<group>";
		};
		1A1DEC3C12A69B2100C7053B /* models */ = {
			isa = PBXGroup;
			children = (
				1A1DEC4712A69D5900C7053B /* Constants.h */,
				1A1DEC4812A69D5900C7053B /* Constants.m */,
				1A6918EE12AA403800686504 /* File.h */,
				1A6918EF12AA403800686504 /* File.m */,
			);
			path = models;
			sourceTree = "<group>";
		};
		1A4AD35312AB697B00173889 /* Images */ = {
			isa = PBXGroup;
			children = (
				1A4AD35412AB69A700173889 /* Icons */,
			);
			path = Images;
			sourceTree = "<group>";
		};
		1A4AD35412AB69A700173889 /* Icons */ = {
			isa = PBXGroup;
			children = (
				1A7E00A112F067B20016E53B /* zip.png */,
				1A7E00A212F067B20016E53B /* wav.png */,
				1A7E00A312F067B20016E53B /* video.png */,
				1A7E00A412F067B20016E53B /* txt.png */,
				1A7E00A512F067B20016E53B /* tiff.png */,
				1A7E00A612F067B20016E53B /* tgz.png */,
				1A7E00A712F067B20016E53B /* tbz2.png */,
				1A7E00A812F067B20016E53B /* tar.png */,
				1A7E00A912F067B20016E53B /* sqlite3.png */,
				1A7E00AA12F067B20016E53B /* spreadsheet.png */,
				1A7E00AB12F067B20016E53B /* sound.png */,
				1A7E00AC12F067B20016E53B /* rtf.png */,
				1A7E00AD12F067B20016E53B /* ppt.png */,
				1A7E00AE12F067B20016E53B /* png.png */,
				1A7E00AF12F067B20016E53B /* pdf.png */,
				1A7E00B012F067B20016E53B /* pages.png */,
				1A7E00B112F067B20016E53B /* numbers.png */,
				1A7E00B212F067B20016E53B /* mpeg.png */,
				1A7E00B312F067B20016E53B /* mp3.png */,
				1A7E00B412F067B20016E53B /* mp2.png */,
				1A7E00B512F067B20016E53B /* mimetypes.plist */,
				1A7E00B612F067B20016E53B /* m4r.png */,
				1A7E00B712F067B20016E53B /* m3u.png */,
				1A7E00B812F067B20016E53B /* m.png */,
				1A7E00B912F067B20016E53B /* log.png */,
				1A7E00BA12F067B20016E53B /* keynote.png */,
				1A7E00BB12F067B20016E53B /* js.png */,
				1A7E00BC12F067B20016E53B /* jpeg.png */,
				1A7E00BD12F067B20016E53B /* java.png */,
				1A7E00BE12F067B20016E53B /* iSync.png */,
				1A7E00BF12F067B20016E53B /* ico.png */,
				1A7E00C012F067B20016E53B /* html.png */,
				1A7E00C112F067B20016E53B /* h.png */,
				1A7E00C212F067B20016E53B /* gz.png */,
				1A7E00C312F067B20016E53B /* gif.png */,
				1A7E00C412F067B20016E53B /* folder.png */,
				1A7E00C512F067B20016E53B /* flash.png */,
				1A7E00C612F067B20016E53B /* empty.png */,
				1A7E00C712F067B20016E53B /* doc.png */,
				1A7E00C812F067B20016E53B /* css.png */,
				1A7E00C912F067B20016E53B /* cpp.png */,
				1A7E00CA12F067B20016E53B /* config.png */,
				1A7E00CB12F067B20016E53B /* compressed.png */,
				1A7E00CC12F067B20016E53B /* c.png */,
				1A7E00CD12F067B20016E53B /* bz2.png */,
				1A7E00CE12F067B20016E53B /* Bookmarks-Removable.png */,
				1A7E00CF12F067B20016E53B /* Bookmarks-HomeFolderIcon.png */,
				1A7E00D012F067B20016E53B /* Bookmarks-Drives.png */,
				1A7E00D112F067B20016E53B /* bmp.png */,
				1A7E00D212F067B20016E53B /* Assistant Migration.png */,
				1A7E00D312F067B20016E53B /* aiff.png */,
				1A7E00D412F067B20016E53B /* aac.png */,
				1A7E00D512F067B20016E53B /* 3gpp.png */,
			);
			path = Icons;
			sourceTree = "<group>";
		};
		1ACF8F4312B4DCFB00D76EDC /* diagram */ = {
			isa = PBXGroup;
			children = (
				1ACF8F9912B4F41100D76EDC /* flashsync.xcclassmodel */,
			);
			path = diagram;
			sourceTree = "<group>";
		};
		1AE47E7112D36345008930DA /* TestClasses */ = {
			isa = PBXGroup;
			children = (
				1AE47E7212D3635E008930DA /* helper */,
			);
			path = TestClasses;
			sourceTree = "<group>";
		};
		1AE47E7212D3635E008930DA /* helper */ = {
			isa = PBXGroup;
			children = (
				1AE47E7712D363B2008930DA /* NSString-UDIDTest.m */,
			);
			path = helper;
			sourceTree = "<group>";
		};
		1AEB024A12D42993009284E5 /* security */ = {
			isa = PBXGroup;
			children = (
				1AEB024B12D429D6009284E5 /* AuthenticatonManager.h */,
				1AEB024C12D429D6009284E5 /* AuthenticatonManager.m */,
			);
			path = security;
			sourceTree = "<group>";
		};
		29B97314FDCFA39411CA2CEA /* CustomTemplate */ = {
			isa = PBXGroup;
			children = (
				1AE47E7112D36345008930DA /* TestClasses */,
				080E96DDFE201D6D7F000001 /* Classes */,
				29B97315FDCFA39411CA2CEA /* Other Sources */,
				29B97317FDCFA39411CA2CEA /* Resources */,
				29B97323FDCFA39411CA2CEA /* Frameworks */,
				19C28FACFE9D520D11CA2CBB /* Products */,
				1AE47E6C12D362C2008930DA /* UnitTests-Info.plist */,
			);
			name = CustomTemplate;
			sourceTree = "<group>";
		};
		29B97315FDCFA39411CA2CEA /* Other Sources */ = {
			isa = PBXGroup;
			children = (
				28A0AAE50D9B0CCF005BE974 /* FlashSync_Prefix.pch */,
				29B97316FDCFA39411CA2CEA /* main.m */,
			);
			name = "Other Sources";
			sourceTree = "<group>";
		};
		29B97317FDCFA39411CA2CEA /* Resources */ = {
			isa = PBXGroup;
			children = (
				1A4AD35312AB697B00173889 /* Images */,
				28AD735F0D9D9599002E5188 /* MainWindow.xib */,
				2804203B108E9BAB000629CD /* DetailView.xib */,
				8D1107310486CEB800E47090 /* FlashSync-Info.plist */,
				1AE472C712D9A67500967539 /* RootView.xib */,
			);
			name = Resources;
			sourceTree = "<group>";
		};
		29B97323FDCFA39411CA2CEA /* Frameworks */ = {
			isa = PBXGroup;
			children = (
				1DF5F4DF0D08C38300B7A737 /* UIKit.framework */,
				1D30AB110D05D00D00671497 /* Foundation.framework */,
				2892E40F0DC94CBA00A64D0F /* CoreGraphics.framework */,
			);
			name = Frameworks;
			sourceTree = "<group>";
		};
/* End PBXGroup section */

/* Begin PBXNativeTarget section */
		1AE47E6A12D362C2008930DA /* UnitTests */ = {
			isa = PBXNativeTarget;
			buildConfigurationList = 1AE47E6F12D362C3008930DA /* Build configuration list for PBXNativeTarget "UnitTests" */;
			buildPhases = (
				1AE47E6612D362C2008930DA /* Resources */,
				1AE47E6712D362C2008930DA /* Sources */,
				1AE47E6812D362C2008930DA /* Frameworks */,
				1AE47E6912D362C2008930DA /* ShellScript */,
			);
			buildRules = (
			);
			dependencies = (
			);
			name = UnitTests;
			productName = UnitTests;
			productReference = 1AE47E6B12D362C2008930DA /* UnitTests.octest */;
			productType = "com.apple.product-type.bundle";
		};
		1D6058900D05DD3D006BFB54 /* FlashSync */ = {
			isa = PBXNativeTarget;
			buildConfigurationList = 1D6058960D05DD3E006BFB54 /* Build configuration list for PBXNativeTarget "FlashSync" */;
			buildPhases = (
				1D60588D0D05DD3D006BFB54 /* Resources */,
				1D60588E0D05DD3D006BFB54 /* Sources */,
				1D60588F0D05DD3D006BFB54 /* Frameworks */,
			);
			buildRules = (
			);
			dependencies = (
			);
			name = FlashSync;
			productName = FlashSync;
			productReference = 1D6058910D05DD3D006BFB54 /* FlashSync.app */;
			productType = "com.apple.product-type.application";
		};
/* End PBXNativeTarget section */

/* Begin PBXProject section */
		29B97313FDCFA39411CA2CEA /* Project object */ = {
			isa = PBXProject;
			buildConfigurationList = C01FCF4E08A954540054247B /* Build configuration list for PBXProject "FlashSync" */;
			compatibilityVersion = "Xcode 3.2";
			developmentRegion = English;
			hasScannedForEncodings = 1;
			knownRegions = (
				English,
				Japanese,
				French,
				German,
				en,
			);
			mainGroup = 29B97314FDCFA39411CA2CEA /* CustomTemplate */;
			projectDirPath = "";
			projectRoot = "";
			targets = (
				1D6058900D05DD3D006BFB54 /* FlashSync */,
				1AE47E6A12D362C2008930DA /* UnitTests */,
			);
		};
/* End PBXProject section */

/* Begin PBXResourcesBuildPhase section */
		1AE47E6612D362C2008930DA /* Resources */ = {
			isa = PBXResourcesBuildPhase;
			buildActionMask = 2147483647;
			files = (
			);
			runOnlyForDeploymentPostprocessing = 0;
		};
		1D60588D0D05DD3D006BFB54 /* Resources */ = {
			isa = PBXResourcesBuildPhase;
			buildActionMask = 2147483647;
			files = (
				28AD73600D9D9599002E5188 /* MainWindow.xib in Resources */,
				2804203C108E9BAB000629CD /* DetailView.xib in Resources */,
				1ACF8C5012B4A14D00D76EDC /* InspectorViewController.xib in Resources */,
				1AE472C812D9A67500967539 /* RootView.xib in Resources */,
				1A7E00D612F067B20016E53B /* zip.png in Resources */,
				1A7E00D712F067B20016E53B /* wav.png in Resources */,
				1A7E00D812F067B20016E53B /* video.png in Resources */,
				1A7E00D912F067B20016E53B /* txt.png in Resources */,
				1A7E00DA12F067B20016E53B /* tiff.png in Resources */,
				1A7E00DB12F067B20016E53B /* tgz.png in Resources */,
				1A7E00DC12F067B20016E53B /* tbz2.png in Resources */,
				1A7E00DD12F067B20016E53B /* tar.png in Resources */,
				1A7E00DE12F067B20016E53B /* sqlite3.png in Resources */,
				1A7E00DF12F067B20016E53B /* spreadsheet.png in Resources */,
				1A7E00E012F067B20016E53B /* sound.png in Resources */,
				1A7E00E112F067B20016E53B /* rtf.png in Resources */,
				1A7E00E212F067B20016E53B /* ppt.png in Resources */,
				1A7E00E312F067B20016E53B /* png.png in Resources */,
				1A7E00E412F067B20016E53B /* pdf.png in Resources */,
				1A7E00E512F067B20016E53B /* pages.png in Resources */,
				1A7E00E612F067B20016E53B /* numbers.png in Resources */,
				1A7E00E712F067B20016E53B /* mpeg.png in Resources */,
				1A7E00E812F067B20016E53B /* mp3.png in Resources */,
				1A7E00E912F067B20016E53B /* mp2.png in Resources */,
				1A7E00EA12F067B20016E53B /* mimetypes.plist in Resources */,
				1A7E00EB12F067B20016E53B /* m4r.png in Resources */,
				1A7E00EC12F067B20016E53B /* m3u.png in Resources */,
				1A7E00ED12F067B20016E53B /* m.png in Resources */,
				1A7E00EE12F067B20016E53B /* log.png in Resources */,
				1A7E00EF12F067B20016E53B /* keynote.png in Resources */,
				1A7E00F012F067B20016E53B /* js.png in Resources */,
				1A7E00F112F067B20016E53B /* jpeg.png in Resources */,
				1A7E00F212F067B20016E53B /* java.png in Resources */,
				1A7E00F312F067B20016E53B /* iSync.png in Resources */,
				1A7E00F412F067B20016E53B /* ico.png in Resources */,
				1A7E00F512F067B20016E53B /* html.png in Resources */,
				1A7E00F612F067B20016E53B /* h.png in Resources */,
				1A7E00F712F067B20016E53B /* gz.png in Resources */,
				1A7E00F812F067B20016E53B /* gif.png in Resources */,
				1A7E00F912F067B20016E53B /* folder.png in Resources */,
				1A7E00FA12F067B20016E53B /* flash.png in Resources */,
				1A7E00FB12F067B20016E53B /* empty.png in Resources */,
				1A7E00FC12F067B20016E53B /* doc.png in Resources */,
				1A7E00FD12F067B20016E53B /* css.png in Resources */,
				1A7E00FE12F067B20016E53B /* cpp.png in Resources */,
				1A7E00FF12F067B20016E53B /* config.png in Resources */,
				1A7E010012F067B20016E53B /* compressed.png in Resources */,
				1A7E010112F067B20016E53B /* c.png in Resources */,
				1A7E010212F067B20016E53B /* bz2.png in Resources */,
				1A7E010312F067B20016E53B /* Bookmarks-Removable.png in Resources */,
				1A7E010412F067B20016E53B /* Bookmarks-HomeFolderIcon.png in Resources */,
				1A7E010512F067B20016E53B /* Bookmarks-Drives.png in Resources */,
				1A7E010612F067B20016E53B /* bmp.png in Resources */,
				1A7E010712F067B20016E53B /* Assistant Migration.png in Resources */,
				1A7E010812F067B20016E53B /* aiff.png in Resources */,
				1A7E010912F067B20016E53B /* aac.png in Resources */,
				1A7E010A12F067B20016E53B /* 3gpp.png in Resources */,
			);
			runOnlyForDeploymentPostprocessing = 0;
		};
/* End PBXResourcesBuildPhase section */

/* Begin PBXShellScriptBuildPhase section */
		1AE47E6912D362C2008930DA /* ShellScript */ = {
			isa = PBXShellScriptBuildPhase;
			buildActionMask = 2147483647;
			files = (
			);
			inputPaths = (
			);
			outputPaths = (
			);
			runOnlyForDeploymentPostprocessing = 0;
			shellPath = /bin/sh;
			shellScript = "# Run the unit tests in this test bundle.\n\"${SYSTEM_DEVELOPER_DIR}/Tools/RunUnitTests\" 1> /tmp/RunUnitTests.out ";
		};
/* End PBXShellScriptBuildPhase section */

/* Begin PBXSourcesBuildPhase section */
		1AE47E6712D362C2008930DA /* Sources */ = {
			isa = PBXSourcesBuildPhase;
			buildActionMask = 2147483647;
			files = (
				1AE47E7812D363B2008930DA /* NSString-UDIDTest.m in Sources */,
				1AE47F4612D36AA9008930DA /* NSDataUtils.m in Sources */,
				1AE47F4A12D36AC3008930DA /* NSString-UDID.m in Sources */,
				1AEB024D12D429D6009284E5 /* AuthenticatonManager.m in Sources */,
				1A13B09912D4C15B00A3BD87 /* DataEncoder.m in Sources */,
			);
			runOnlyForDeploymentPostprocessing = 0;
		};
		1D60588E0D05DD3D006BFB54 /* Sources */ = {
			isa = PBXSourcesBuildPhase;
			buildActionMask = 2147483647;
			files = (
				1D60589B0D05DD56006BFB54 /* main.m in Sources */,
				1D3623260D0F684500981E51 /* FlashSyncAppDelegate.m in Sources */,
				2804200B108E984D000629CD /* RootViewController.m in Sources */,
				2804200C108E984D000629CD /* DetailViewController.m in Sources */,
				1A05643712A5578200C1D423 /* NSObject-Dialog.m in Sources */,
				1A1DEC2E12A6990200C7053B /* UITableView-WithCell.m in Sources */,
				1A1DEC4912A69D5900C7053B /* Constants.m in Sources */,
				1A69181F12AA2AE100686504 /* NSDataUtils.m in Sources */,
				1A6918F012AA403800686504 /* File.m in Sources */,
				1ACF8C4F12B4A14D00D76EDC /* InspectorViewController.m in Sources */,
				1AE47E2312D35D5E008930DA /* NSString-UDID.m in Sources */,
				1AEB024E12D429D6009284E5 /* AuthenticatonManager.m in Sources */,
				1A13B09812D4C15B00A3BD87 /* DataEncoder.m in Sources */,
			);
			runOnlyForDeploymentPostprocessing = 0;
		};
/* End PBXSourcesBuildPhase section */

/* Begin XCBuildConfiguration section */
		1AE47E6D12D362C3008930DA /* Debug */ = {
			isa = XCBuildConfiguration;
			buildSettings = {
				ALWAYS_SEARCH_USER_PATHS = NO;
				"CODE_SIGN_IDENTITY[sdk=iphoneos*]" = "";
				COPY_PHASE_STRIP = NO;
				FRAMEWORK_SEARCH_PATHS = (
					"\"$(SDKROOT)/Developer/Library/Frameworks\"",
					"\"$(DEVELOPER_LIBRARY_DIR)/Frameworks\"",
				);
				GCC_DYNAMIC_NO_PIC = NO;
				GCC_ENABLE_FIX_AND_CONTINUE = NO;
				GCC_ENABLE_OBJC_EXCEPTIONS = YES;
				GCC_OPTIMIZATION_LEVEL = 0;
				INFOPLIST_FILE = "UnitTests-Info.plist";
				OTHER_LDFLAGS = (
					"-framework",
					Foundation,
					"-framework",
					SenTestingKit,
					"-framework",
					UIKit,
				);
				PREBINDING = NO;
				PRODUCT_NAME = UnitTests;
				WRAPPER_EXTENSION = octest;
			};
			name = Debug;
		};
		1AE47E6E12D362C3008930DA /* Release */ = {
			isa = XCBuildConfiguration;
			buildSettings = {
				ALWAYS_SEARCH_USER_PATHS = NO;
				"CODE_SIGN_IDENTITY[sdk=iphoneos*]" = "";
				COPY_PHASE_STRIP = YES;
				DEBUG_INFORMATION_FORMAT = "dwarf-with-dsym";
				FRAMEWORK_SEARCH_PATHS = (
					"\"$(SDKROOT)/Developer/Library/Frameworks\"",
					"\"$(DEVELOPER_LIBRARY_DIR)/Frameworks\"",
				);
				GCC_ENABLE_FIX_AND_CONTINUE = NO;
				GCC_ENABLE_OBJC_EXCEPTIONS = YES;
				INFOPLIST_FILE = "UnitTests-Info.plist";
				OTHER_LDFLAGS = (
					"-framework",
					Foundation,
					"-framework",
					SenTestingKit,
					"-framework",
					UIKit,
				);
				PREBINDING = NO;
				PRODUCT_NAME = UnitTests;
				WRAPPER_EXTENSION = octest;
				ZERO_LINK = NO;
			};
			name = Release;
		};
		1D6058940D05DD3E006BFB54 /* Debug */ = {
			isa = XCBuildConfiguration;
			buildSettings = {
				ALWAYS_SEARCH_USER_PATHS = NO;
				COPY_PHASE_STRIP = NO;
				GCC_DYNAMIC_NO_PIC = NO;
				GCC_OPTIMIZATION_LEVEL = 0;
				GCC_PRECOMPILE_PREFIX_HEADER = YES;
				GCC_PREFIX_HEADER = FlashSync_Prefix.pch;
				INFOPLIST_FILE = "FlashSync-Info.plist";
				PRODUCT_NAME = FlashSync;
			};
			name = Debug;
		};
		1D6058950D05DD3E006BFB54 /* Release */ = {
			isa = XCBuildConfiguration;
			buildSettings = {
				ALWAYS_SEARCH_USER_PATHS = NO;
				COPY_PHASE_STRIP = YES;
				GCC_PRECOMPILE_PREFIX_HEADER = YES;
				GCC_PREFIX_HEADER = FlashSync_Prefix.pch;
				INFOPLIST_FILE = "FlashSync-Info.plist";
				PRODUCT_NAME = FlashSync;
				VALIDATE_PRODUCT = YES;
			};
			name = Release;
		};
		C01FCF4F08A954540054247B /* Debug */ = {
			isa = XCBuildConfiguration;
			buildSettings = {
				ARCHS = "$(ARCHS_UNIVERSAL_IPHONE_OS)";
				"CODE_SIGN_IDENTITY[sdk=iphoneos*]" = "iPhone Developer: James Wang (FWKUUDYM5L)";
				GCC_C_LANGUAGE_STANDARD = c99;
				GCC_WARN_ABOUT_RETURN_TYPE = YES;
				GCC_WARN_UNUSED_VARIABLE = YES;
				PREBINDING = NO;
				"PROVISIONING_PROFILE[sdk=iphoneos*]" = "640779A3-56C5-490C-9B11-8A21C86BA49D";
				SDKROOT = iphoneos;
				TARGETED_DEVICE_FAMILY = 2;
			};
			name = Debug;
		};
		C01FCF5008A954540054247B /* Release */ = {
			isa = XCBuildConfiguration;
			buildSettings = {
				ARCHS = "$(ARCHS_UNIVERSAL_IPHONE_OS)";
				"CODE_SIGN_IDENTITY[sdk=iphoneos*]" = "iPhone Developer";
				GCC_C_LANGUAGE_STANDARD = c99;
				GCC_WARN_ABOUT_RETURN_TYPE = YES;
				GCC_WARN_UNUSED_VARIABLE = YES;
				OTHER_CFLAGS = "-DNS_BLOCK_ASSERTIONS=1";
				PREBINDING = NO;
				SDKROOT = iphoneos3.2;
				TARGETED_DEVICE_FAMILY = 2;
			};
			name = Release;
		};
/* End XCBuildConfiguration section */

/* Begin XCConfigurationList section */
		1AE47E6F12D362C3008930DA /* Build configuration list for PBXNativeTarget "UnitTests" */ = {
			isa = XCConfigurationList;
			buildConfigurations = (
				1AE47E6D12D362C3008930DA /* Debug */,
				1AE47E6E12D362C3008930DA /* Release */,
			);
			defaultConfigurationIsVisible = 0;
			defaultConfigurationName = Release;
		};
		1D6058960D05DD3E006BFB54 /* Build configuration list for PBXNativeTarget "FlashSync" */ = {
			isa = XCConfigurationList;
			buildConfigurations = (
				1D6058940D05DD3E006BFB54 /* Debug */,
				1D6058950D05DD3E006BFB54 /* Release */,
			);
			defaultConfigurationIsVisible = 0;
			defaultConfigurationName = Release;
		};
		C01FCF4E08A954540054247B /* Build configuration list for PBXProject "FlashSync" */ = {
			isa = XCConfigurationList;
			buildConfigurations = (
				C01FCF4F08A954540054247B /* Debug */,
				C01FCF5008A954540054247B /* Release */,
			);
			defaultConfigurationIsVisible = 0;
			defaultConfigurationName = Release;
		};
/* End XCConfigurationList section */
	};
	rootObject = 29B97313FDCFA39411CA2CEA /* Project object */;
}
